// !$*UTF8*$!
{
	archiveVersion = 1;
	classes = {
	};
	objectVersion = 46;
	objects = {

/* Begin PBXBuildFile section */
		23E5753B1C2399A800CD0B96 /* main.m in Sources */ = {isa = PBXBuildFile; fileRef = 23E5753A1C2399A800CD0B96 /* main.m */; };
		23E5753E1C2399A800CD0B96 /* AppDelegate.m in Sources */ = {isa = PBXBuildFile; fileRef = 23E5753D1C2399A800CD0B96 /* AppDelegate.m */; };
		23E575411C2399A900CD0B96 /* ViewController.m in Sources */ = {isa = PBXBuildFile; fileRef = 23E575401C2399A900CD0B96 /* ViewController.m */; };
		23E575441C2399A900CD0B96 /* Main.storyboard in Resources */ = {isa = PBXBuildFile; fileRef = 23E575421C2399A900CD0B96 /* Main.storyboard */; };
		23E575461C2399A900CD0B96 /* Assets.xcassets in Resources */ = {isa = PBXBuildFile; fileRef = 23E575451C2399A900CD0B96 /* Assets.xcassets */; };
		23E575491C2399A900CD0B96 /* LaunchScreen.storyboard in Resources */ = {isa = PBXBuildFile; fileRef = 23E575471C2399A900CD0B96 /* LaunchScreen.storyboard */; };
		23E575541C2399A900CD0B96 /* OPenThirdAppTests.m in Sources */ = {isa = PBXBuildFile; fileRef = 23E575531C2399A900CD0B96 /* OPenThirdAppTests.m */; };
		23E5755F1C2399A900CD0B96 /* OPenThirdAppUITests.m in Sources */ = {isa = PBXBuildFile; fileRef = 23E5755E1C2399A900CD0B96 /* OPenThirdAppUITests.m */; };
/* End PBXBuildFile section */

/* Begin PBXContainerItemProxy section */
		23E575501C2399A900CD0B96 /* PBXContainerItemProxy */ = {
			isa = PBXContainerItemProxy;
			containerPortal = 23E5752E1C2399A800CD0B96 /* Project object */;
			proxyType = 1;
			remoteGlobalIDString = 23E575351C2399A800CD0B96;
			remoteInfo = OPenThirdApp;
		};
		23E5755B1C2399A900CD0B96 /* PBXContainerItemProxy */ = {
			isa = PBXContainerItemProxy;
			containerPortal = 23E5752E1C2399A800CD0B96 /* Project object */;
			proxyType = 1;
			remoteGlobalIDString = 23E575351C2399A800CD0B96;
			remoteInfo = OPenThirdApp;
		};
/* End PBXContainerItemProxy section */

/* Begin PBXFileReference section */
		23E575361C2399A800CD0B96 /* OPenThirdApp.app */ = {isa = PBXFileReference; explicitFileType = wrapper.application; includeInIndex = 0; path = OPenThirdApp.app; sourceTree = BUILT_PRODUCTS_DIR; };
		23E5753A1C2399A800CD0B96 /* main.m */ = {isa = PBXFileReference; lastKnownFileType = sourcecode.c.objc; path = main.m; sourceTree = "<group>"; };
		23E5753C1C2399A800CD0B96 /* AppDelegate.h */ = {isa = PBXFileReference; lastKnownFileType = sourcecode.c.h; path = AppDelegate.h; sourceTree = "<group>"; };
		23E5753D1C2399A800CD0B96 /* AppDelegate.m */ = {isa = PBXFileReference; lastKnownFileType = sourcecode.c.objc; path = AppDelegate.m; sourceTree = "<group>"; };
		23E5753F1C2399A800CD0B96 /* ViewController.h */ = {isa = PBXFileReference; lastKnownFileType = sourcecode.c.h; path = ViewController.h; sourceTree = "<group>"; };
		23E575401C2399A900CD0B96 /* ViewController.m */ = {isa = PBXFileReference; lastKnownFileType = sourcecode.c.objc; path = ViewController.m; sourceTree = "<group>"; };
		23E575431C2399A900CD0B96 /* Base */ = {isa = PBXFileReference; lastKnownFileType = file.storyboard; name = Base; path = Base.lproj/Main.storyboard; sourceTree = "<group>"; };
		23E575451C2399A900CD0B96 /* Assets.xcassets */ = {isa = PBXFileReference; lastKnownFileType = folder.assetcatalog; path = Assets.xcassets; sourceTree = "<group>"; };
		23E575481C2399A900CD0B96 /* Base */ = {isa = PBXFileReference; lastKnownFileType = file.storyboard; name = Base; path = Base.lproj/LaunchScreen.storyboard; sourceTree = "<group>"; };
		23E5754A1C2399A900CD0B96 /* Info.plist */ = {isa = PBXFileReference; lastKnownFileType = text.plist.xml; path = Info.plist; sourceTree = "<group>"; };
		23E5754F1C2399A900CD0B96 /* OPenThirdAppTests.xctest */ = {isa = PBXFileReference; explicitFileType = wrapper.cfbundle; includeInIndex = 0; path = OPenThirdAppTests.xctest; sourceTree = BUILT_PRODUCTS_DIR; };
		23E575531C2399A900CD0B96 /* OPenThirdAppTests.m */ = {isa = PBXFileReference; lastKnownFileType = sourcecode.c.objc; path = OPenThirdAppTests.m; sourceTree = "<group>"; };
		23E575551C2399A900CD0B96 /* Info.plist */ = {isa = PBXFileReference; lastKnownFileType = text.plist.xml; path = Info.plist; sourceTree = "<group>"; };
		23E5755A1C2399A900CD0B96 /* OPenThirdAppUITests.xctest */ = {isa = PBXFileReference; explicitFileType = wrapper.cfbundle; includeInIndex = 0; path = OPenThirdAppUITests.xctest; sourceTree = BUILT_PRODUCTS_DIR; };
		23E5755E1C2399A900CD0B96 /* OPenThirdAppUITests.m */ = {isa = PBXFileReference; lastKnownFileType = sourcecode.c.objc; path = OPenThirdAppUITests.m; sourceTree = "<group>"; };
		23E575601C2399A900CD0B96 /* Info.plist */ = {isa = PBXFileReference; lastKnownFileType = text.plist.xml; path = Info.plist; sourceTree = "<group>"; };
/* End PBXFileReference section */

/* Begin PBXFrameworksBuildPhase section */
		23E575331C2399A800CD0B96 /* Frameworks */ = {
			isa = PBXFrameworksBuildPhase;
			buildActionMask = 2147483647;
			files = (
			);
			runOnlyForDeploymentPostprocessing = 0;
		};
		23E5754C1C2399A900CD0B96 /* Frameworks */ = {
			isa = PBXFrameworksBuildPhase;
			buildActionMask = 2147483647;
			files = (
			);
			runOnlyForDeploymentPostprocessing = 0;
		};
		23E575571C2399A900CD0B96 /* Frameworks */ = {
			isa = PBXFrameworksBuildPhase;
			buildActionMask = 2147483647;
			files = (
			);
			runOnlyForDeploymentPostprocessing = 0;
		};
/* End PBXFrameworksBuildPhase section */

/* Begin PBXGroup section */
		23E5752D1C2399A800CD0B96 = {
			isa = PBXGroup;
			children = (
				23E575381C2399A800CD0B96 /* OPenThirdApp */,
				23E575521C2399A900CD0B96 /* OPenThirdAppTests */,
				23E5755D1C2399A900CD0B96 /* OPenThirdAppUITests */,
				23E575371C2399A800CD0B96 /* Products */,
			);
			sourceTree = "<group>";
		};
		23E575371C2399A800CD0B96 /* Products */ = {
			isa = PBXGroup;
			children = (
				23E575361C2399A800CD0B96 /* OPenThirdApp.app */,
				23E5754F1C2399A900CD0B96 /* OPenThirdAppTests.xctest */,
				23E5755A1C2399A900CD0B96 /* OPenThirdAppUITests.xctest */,
			);
			name = Products;
			sourceTree = "<group>";
		};
		23E575381C2399A800CD0B96 /* OPenThirdApp */ = {
			isa = PBXGroup;
			children = (
				23E5753C1C2399A800CD0B96 /* AppDelegate.h */,
				23E5753D1C2399A800CD0B96 /* AppDelegate.m */,
				23E5753F1C2399A800CD0B96 /* ViewController.h */,
				23E575401C2399A900CD0B96 /* ViewController.m */,
				23E575421C2399A900CD0B96 /* Main.storyboard */,
				23E575451C2399A900CD0B96 /* Assets.xcassets */,
				23E575471C2399A900CD0B96 /* LaunchScreen.storyboard */,
				23E5754A1C2399A900CD0B96 /* Info.plist */,
				23E575391C2399A800CD0B96 /* Supporting Files */,
			);
			path = OPenThirdApp;
			sourceTree = "<group>";
		};
		23E575391C2399A800CD0B96 /* Supporting Files */ = {
			isa = PBXGroup;
			children = (
				23E5753A1C2399A800CD0B96 /* main.m */,
			);
			name = "Supporting Files";
			sourceTree = "<group>";
		};
		23E575521C2399A900CD0B96 /* OPenThirdAppTests */ = {
			isa = PBXGroup;
			children = (
				23E575531C2399A900CD0B96 /* OPenThirdAppTests.m */,
				23E575551C2399A900CD0B96 /* Info.plist */,
			);
			path = OPenThirdAppTests;
			sourceTree = "<group>";
		};
		23E5755D1C2399A900CD0B96 /* OPenThirdAppUITests */ = {
			isa = PBXGroup;
			children = (
				23E5755E1C2399A900CD0B96 /* OPenThirdAppUITests.m */,
				23E575601C2399A900CD0B96 /* Info.plist */,
			);
			path = OPenThirdAppUITests;
			sourceTree = "<group>";
		};
/* End PBXGroup section */

/* Begin PBXNativeTarget section */
		23E575351C2399A800CD0B96 /* OPenThirdApp */ = {
			isa = PBXNativeTarget;
			buildConfigurationList = 23E575631C2399A900CD0B96 /* Build configuration list for PBXNativeTarget "OPenThirdApp" */;
			buildPhases = (
				23E575321C2399A800CD0B96 /* Sources */,
				23E575331C2399A800CD0B96 /* Frameworks */,
				23E575341C2399A800CD0B96 /* Resources */,
			);
			buildRules = (
			);
			dependencies = (
			);
			name = OPenThirdApp;
			productName = OPenThirdApp;
			productReference = 23E575361C2399A800CD0B96 /* OPenThirdApp.app */;
			productType = "com.apple.product-type.application";
		};
		23E5754E1C2399A900CD0B96 /* OPenThirdAppTests */ = {
			isa = PBXNativeTarget;
			buildConfigurationList = 23E575661C2399A900CD0B96 /* Build configuration list for PBXNativeTarget "OPenThirdAppTests" */;
			buildPhases = (
				23E5754B1C2399A900CD0B96 /* Sources */,
				23E5754C1C2399A900CD0B96 /* Frameworks */,
				23E5754D1C2399A900CD0B96 /* Resources */,
			);
			buildRules = (
			);
			dependencies = (
				23E575511C2399A900CD0B96 /* PBXTargetDependency */,
			);
			name = OPenThirdAppTests;
			productName = OPenThirdAppTests;
			productReference = 23E5754F1C2399A900CD0B96 /* OPenThirdAppTests.xctest */;
			productType = "com.apple.product-type.bundle.unit-test";
		};
		23E575591C2399A900CD0B96 /* OPenThirdAppUITests */ = {
			isa = PBXNativeTarget;
			buildConfigurationList = 23E575691C2399A900CD0B96 /* Build configuration list for PBXNativeTarget "OPenThirdAppUITests" */;
			buildPhases = (
				23E575561C2399A900CD0B96 /* Sources */,
				23E575571C2399A900CD0B96 /* Frameworks */,
				23E575581C2399A900CD0B96 /* Resources */,
			);
			buildRules = (
			);
			dependencies = (
				23E5755C1C2399A900CD0B96 /* PBXTargetDependency */,
			);
			name = OPenThirdAppUITests;
			productName = OPenThirdAppUITests;
			productReference = 23E5755A1C2399A900CD0B96 /* OPenThirdAppUITests.xctest */;
			productType = "com.apple.product-type.bundle.ui-testing";
		};
/* End PBXNativeTarget section */

/* Begin PBXProject section */
		23E5752E1C2399A800CD0B96 /* Project object */ = {
			isa = PBXProject;
			attributes = {
				LastUpgradeCheck = 0720;
				ORGANIZATIONNAME = Tree;
				TargetAttributes = {
					23E575351C2399A800CD0B96 = {
						CreatedOnToolsVersion = 7.2;
						DevelopmentTeam = 5TSQP5M5X7;
					};
					23E5754E1C2399A900CD0B96 = {
						CreatedOnToolsVersion = 7.2;
						DevelopmentTeam = 5TSQP5M5X7;
						TestTargetID = 23E575351C2399A800CD0B96;
					};
					23E575591C2399A900CD0B96 = {
						CreatedOnToolsVersion = 7.2;
						DevelopmentTeam = 5TSQP5M5X7;
						TestTargetID = 23E575351C2399A800CD0B96;
					};
				};
			};
			buildConfigurationList = 23E575311C2399A800CD0B96 /* Build configuration list for PBXProject "OPenThirdApp" */;
			compatibilityVersion = "Xcode 3.2";
			developmentRegion = English;
			hasScannedForEncodings = 0;
			knownRegions = (
				en,
				Base,
			);
			mainGroup = 23E5752D1C2399A800CD0B96;
			productRefGroup = 23E575371C2399A800CD0B96 /* Products */;
			projectDirPath = "";
			projectRoot = "";
			targets = (
				23E575351C2399A800CD0B96 /* OPenThirdApp */,
				23E5754E1C2399A900CD0B96 /* OPenThirdAppTests */,
				23E575591C2399A900CD0B96 /* OPenThirdAppUITests */,
			);
		};
/* End PBXProject section */

/* Begin PBXResourcesBuildPhase section */
		23E575341C2399A800CD0B96 /* Resources */ = {
			isa = PBXResourcesBuildPhase;
			buildActionMask = 2147483647;
			files = (
				23E575491C2399A900CD0B96 /* LaunchScreen.storyboard in Resources */,
				23E575461C2399A900CD0B96 /* Assets.xcassets in Resources */,
				23E575441C2399A900CD0B96 /* Main.storyboard in Resources */,
			);
			runOnlyForDeploymentPostprocessing = 0;
		};
		23E5754D1C2399A900CD0B96 /* Resources */ = {
			isa = PBXResourcesBuildPhase;
			buildActionMask = 2147483647;
			files = (
			);
			runOnlyForDeploymentPostprocessing = 0;
		};
		23E575581C2399A900CD0B96 /* Resources */ = {
			isa = PBXResourcesBuildPhase;
			buildActionMask = 2147483647;
			files = (
			);
			runOnlyForDeploymentPostprocessing = 0;
		};
/* End PBXResourcesBuildPhase section */

/* Begin PBXSourcesBuildPhase section */
		23E575321C2399A800CD0B96 /* Sources */ = {
			isa = PBXSourcesBuildPhase;
			buildActionMask = 2147483647;
			files = (
				23E575411C2399A900CD0B96 /* ViewController.m in Sources */,
				23E5753E1C2399A800CD0B96 /* AppDelegate.m in Sources */,
				23E5753B1C2399A800CD0B96 /* main.m in Sources */,
			);
			runOnlyForDeploymentPostprocessing = 0;
		};
		23E5754B1C2399A900CD0B96 /* Sources */ = {
			isa = PBXSourcesBuildPhase;
			buildActionMask = 2147483647;
			files = (
				23E575541C2399A900CD0B96 /* OPenThirdAppTests.m in Sources */,
			);
			runOnlyForDeploymentPostprocessing = 0;
		};
		23E575561C2399A900CD0B96 /* Sources */ = {
			isa = PBXSourcesBuildPhase;
			buildActionMask = 2147483647;
			files = (
				23E5755F1C2399A900CD0B96 /* OPenThirdAppUITests.m in Sources */,
			);
			runOnlyForDeploymentPostprocessing = 0;
		};
/* End PBXSourcesBuildPhase section */

/* Begin PBXTargetDependency section */
		23E575511C2399A900CD0B96 /* PBXTargetDependency */ = {
			isa = PBXTargetDependency;
			target = 23E575351C2399A800CD0B96 /* OPenThirdApp */;
			targetProxy = 23E575501C2399A900CD0B96 /* PBXContainerItemProxy */;
		};
		23E5755C1C2399A900CD0B96 /* PBXTargetDependency */ = {
			isa = PBXTargetDependency;
			target = 23E575351C2399A800CD0B96 /* OPenThirdApp */;
			targetProxy = 23E5755B1C2399A900CD0B96 /* PBXContainerItemProxy */;
		};
/* End PBXTargetDependency section */

/* Begin PBXVariantGroup section */
		23E575421C2399A900CD0B96 /* Main.storyboard */ = {
			isa = PBXVariantGroup;
			children = (
				23E575431C2399A900CD0B96 /* Base */,
			);
			name = Main.storyboard;
			sourceTree = "<group>";
		};
		23E575471C2399A900CD0B96 /* LaunchScreen.storyboard */ = {
			isa = PBXVariantGroup;
			children = (
				23E575481C2399A900CD0B96 /* Base */,
			);
			name = LaunchScreen.storyboard;
			sourceTree = "<group>";
		};
/* End PBXVariantGroup section */

/* Begin XCBuildConfiguration section */
		23E575611C2399A900CD0B96 /* Debug */ = {
			isa = XCBuildConfiguration;
			buildSettings = {
				ALWAYS_SEARCH_USER_PATHS = NO;
				CLANG_CXX_LANGUAGE_STANDARD = "gnu++0x";
				CLANG_CXX_LIBRARY = "libc++";
				CLANG_ENABLE_MODULES = YES;
				CLANG_ENABLE_OBJC_ARC = YES;
				CLANG_WARN_BOOL_CONVERSION = YES;
				CLANG_WARN_CONSTANT_CONVERSION = YES;
				CLANG_WARN_DIRECT_OBJC_ISA_USAGE = YES_ERROR;
				CLANG_WARN_EMPTY_BODY = YES;
				CLANG_WARN_ENUM_CONVERSION = YES;
				CLANG_WARN_INT_CONVERSION = YES;
				CLANG_WARN_OBJC_ROOT_CLASS = YES_ERROR;
				CLANG_WARN_UNREACHABLE_CODE = YES;
				CLANG_WARN__DUPLICATE_METHOD_MATCH = YES;
				"CODE_SIGN_IDENTITY[sdk=iphoneos*]" = "iPhone Developer";
				COPY_PHASE_STRIP = NO;
				DEBUG_INFORMATION_FORMAT = dwarf;
				ENABLE_STRICT_OBJC_MSGSEND = YES;
				ENABLE_TESTABILITY = YES;
				GCC_C_LANGUAGE_STANDARD = gnu99;
				GCC_DYNAMIC_NO_PIC = NO;
				GCC_NO_COMMON_BLOCKS = YES;
				GCC_OPTIMIZATION_LEVEL = 0;
				GCC_PREPROCESSOR_DEFINITIONS = (
					"DEBUG=1",
					"$(inherited)",
				);
				GCC_WARN_64_TO_32_BIT_CONVERSION = YES;
				GCC_WARN_ABOUT_RETURN_TYPE = YES_ERROR;
				GCC_WARN_UNDECLARED_SELECTOR = YES;
				GCC_WARN_UNINITIALIZED_AUTOS = YES_AGGRESSIVE;
				GCC_WARN_UNUSED_FUNCTION = YES;
				GCC_WARN_UNUSED_VARIABLE = YES;
				IPHONEOS_DEPLOYMENT_TARGET = 9.2;
				MTL_ENABLE_DEBUG_INFO = YES;
				ONLY_ACTIVE_ARCH = YES;
				SDKROOT = iphoneos;
			};
			name = Debug;
		};
		23E575621C2399A900CD0B96 /* Release */ = {
			isa = XCBuildConfiguration;
			buildSettings = {
				ALWAYS_SEARCH_USER_PATHS = NO;
				CLANG_CXX_LANGUAGE_STANDARD = "gnu++0x";
				CLANG_CXX_LIBRARY = "libc++";
				CLANG_ENABLE_MODULES = YES;
				CLANG_ENABLE_OBJC_ARC = YES;
				CLANG_WARN_BOOL_CONVERSION = YES;
				CLANG_WARN_CONSTANT_CONVERSION = YES;
				CLANG_WARN_DIRECT_OBJC_ISA_USAGE = YES_ERROR;
				CLANG_WARN_EMPTY_BODY = YES;
				CLANG_WARN_ENUM_CONVERSION = YES;
				CLANG_WARN_INT_CONVERSION = YES;
				CLANG_WARN_OBJC_ROOT_CLASS = YES_ERROR;
				CLANG_WARN_UNREACHABLE_CODE = YES;
				CLANG_WARN__DUPLICATE_METHOD_MATCH = YES;
				"CODE_SIGN_IDENTITY[sdk=iphoneos*]" = "iPhone Developer";
				COPY_PHASE_STRIP = NO;
				DEBUG_INFORMATION_FORMAT = "dwarf-with-dsym";
				ENABLE_NS_ASSERTIONS = NO;
				ENABLE_STRICT_OBJC_MSGSEND = YES;
				GCC_C_LANGUAGE_STANDARD = gnu99;
				GCC_NO_COMMON_BLOCKS = YES;
				GCC_WARN_64_TO_32_BIT_CONVERSION = YES;
				GCC_WARN_ABOUT_RETURN_TYPE = YES_ERROR;
				GCC_WARN_UNDECLARED_SELECTOR = YES;
				GCC_WARN_UNINITIALIZED_AUTOS = YES_AGGRESSIVE;
				GCC_WARN_UNUSED_FUNCTION = YES;
				GCC_WARN_UNUSED_VARIABLE = YES;
				IPHONEOS_DEPLOYMENT_TARGET = 9.2;
				MTL_ENABLE_DEBUG_INFO = NO;
				SDKROOT = iphoneos;
				VALIDATE_PRODUCT = YES;
			};
			name = Release;
		};
		23E575641C2399A900CD0B96 /* Debug */ = {
			isa = XCBuildConfiguration;
			buildSettings = {
				ASSETCATALOG_COMPILER_APPICON_NAME = AppIcon;
				INFOPLIST_FILE = OPenThirdApp/Info.plist;
				LD_RUNPATH_SEARCH_PATHS = "$(inherited) @executable_path/Frameworks";
				PRODUCT_BUNDLE_IDENTIFIER = Tree.OPenThirdApp;
				PRODUCT_NAME = "$(TARGET_NAME)";
				PROVISIONING_PROFILE = "e0e54911-7def-40f4-8c80-0abc2de3d1b9";
			};
			name = Debug;
		};
		23E575651C2399A900CD0B96 /* Release */ = {
			isa = XCBuildConfiguration;
			buildSettings = {
				ASSETCATALOG_COMPILER_APPICON_NAME = AppIcon;
				INFOPLIST_FILE = OPenThirdApp/Info.plist;
				LD_RUNPATH_SEARCH_PATHS = "$(inherited) @executable_path/Frameworks";
				PRODUCT_BUNDLE_IDENTIFIER = Tree.OPenThirdApp;
				PRODUCT_NAME = "$(TARGET_NAME)";
				PROVISIONING_PROFILE = "e0e54911-7def-40f4-8c80-0abc2de3d1b9";
			};
			name = Release;
		};
		23E575671C2399A900CD0B96 /* Debug */ = {
			isa = XCBuildConfiguration;
			buildSettings = {
				BUNDLE_LOADER = "$(TEST_HOST)";
				INFOPLIST_FILE = OPenThirdAppTests/Info.plist;
				LD_RUNPATH_SEARCH_PATHS = "$(inherited) @executable_path/Frameworks @loader_path/Frameworks";
				PRODUCT_BUNDLE_IDENTIFIER = Tree.OPenThirdAppTests;
				PRODUCT_NAME = "$(TARGET_NAME)";
				TEST_HOST = "$(BUILT_PRODUCTS_DIR)/OPenThirdApp.app/OPenThirdApp";
			};
			name = Debug;
		};
		23E575681C2399A900CD0B96 /* Release */ = {
			isa = XCBuildConfiguration;
			buildSettings = {
				BUNDLE_LOADER = "$(TEST_HOST)";
				INFOPLIST_FILE = OPenThirdAppTests/Info.plist;
				LD_RUNPATH_SEARCH_PATHS = "$(inherited) @executable_path/Frameworks @loader_path/Frameworks";
				PRODUCT_BUNDLE_IDENTIFIER = Tree.OPenThirdAppTests;
				PRODUCT_NAME = "$(TARGET_NAME)";
				TEST_HOST = "$(BUILT_PRODUCTS_DIR)/OPenThirdApp.app/OPenThirdApp";
			};
			name = Release;
		};
		23E5756A1C2399A900CD0B96 /* Debug */ = {
			isa = XCBuildConfiguration;
			buildSettings = {
				INFOPLIST_FILE = OPenThirdAppUITests/Info.plist;
				LD_RUNPATH_SEARCH_PATHS = "$(inherited) @executable_path/Frameworks @loader_path/Frameworks";
				PRODUCT_BUNDLE_IDENTIFIER = Tree.OPenThirdAppUITests;
				PRODUCT_NAME = "$(TARGET_NAME)";
				TEST_TARGET_NAME = OPenThirdApp;
				USES_XCTRUNNER = YES;
			};
			name = Debug;
		};
		23E5756B1C2399A900CD0B96 /* Release */ = {
			isa = XCBuildConfiguration;
			buildSettings = {
				INFOPLIST_FILE = OPenThirdAppUITests/Info.plist;
				LD_RUNPATH_SEARCH_PATHS = "$(inherited) @executable_path/Frameworks @loader_path/Frameworks";
				PRODUCT_BUNDLE_IDENTIFIER = Tree.OPenThirdAppUITests;
				PRODUCT_NAME = "$(TARGET_NAME)";
				TEST_TARGET_NAME = OPenThirdApp;
				USES_XCTRUNNER = YES;
			};
			name = Release;
		};
/* End XCBuildConfiguration section */

/* Begin XCConfigurationList section */
		23E575311C2399A800CD0B96 /* Build configuration list for PBXProject "OPenThirdApp" */ = {
			isa = XCConfigurationList;
			buildConfigurations = (
				23E575611C2399A900CD0B96 /* Debug */,
				23E575621C2399A900CD0B96 /* Release */,
			);
			defaultConfigurationIsVisible = 0;
			defaultConfigurationName = Release;
		};
		23E575631C2399A900CD0B96 /* Build configuration list for PBXNativeTarget "OPenThirdApp" */ = {
			isa = XCConfigurationList;
			buildConfigurations = (
				23E575641C2399A900CD0B96 /* Debug */,
				23E575651C2399A900CD0B96 /* Release */,
			);
			defaultConfigurationIsVisible = 0;
		};
		23E575661C2399A900CD0B96 /* Build configuration list for PBXNativeTarget "OPenThirdAppTests" */ = {
			isa = XCConfigurationList;
			buildConfigurations = (
				23E575671C2399A900CD0B96 /* Debug */,
				23E575681C2399A900CD0B96 /* Release */,
			);
			defaultConfigurationIsVisible = 0;
		};
		23E575691C2399A900CD0B96 /* Build configuration list for PBXNativeTarget "OPenThirdAppUITests" */ = {
			isa = XCConfigurationList;
			buildConfigurations = (
				23E5756A1C2399A900CD0B96 /* Debug */,
				23E5756B1C2399A900CD0B96 /* Release */,
			);
			defaultConfigurationIsVisible = 0;
		};
/* End XCConfigurationList section */
	};
	rootObject = 23E5752E1C2399A800CD0B96 /* Project object */;
}
